
Microsoft Visual Studio Solution File, Format Version 12.00
# Visual Studio Version 16
VisualStudioVersion = 16.0.36227.6
MinimumVisualStudioVersion = 10.0.40219.1
Project("{FAE04EC0-301F-11D3-BF4B-00C04F79EFBC}") = "DustCollectors", "DustCollectors\DustCollectors.csproj", "{D959748B-5429-49B7-8565-512A57A42232}"
EndProject
Global
	GlobalSection(SolutionConfigurationPlatforms) = preSolution
		Debug|Any CPU = Debug|Any CPU
		Release|Any CPU = Release|Any CPU
	EndGlobalSection
	GlobalSection(ProjectConfigurationPlatforms) = postSolution
		{D959748B-5429-49B7-8565-512A57A42232}.Debug|Any CPU.ActiveCfg = Debug|Any CPU
		{D959748B-5429-49B7-8565-512A57A42232}.Debug|Any CPU.Build.0 = Debug|Any CPU
		{D959748B-5429-49B7-8565-512A57A42232}.Release|Any CPU.ActiveCfg = Release|Any CPU
		{D959748B-5429-49B7-8565-512A57A42232}.Release|Any CPU.Build.0 = Release|Any CPU
	EndGlobalSection
	GlobalSection(SolutionProperties) = preSolution
		HideSolutionNode = FALSE
	EndGlobalSection
	GlobalSection(ExtensibilityGlobals) = postSolution
		SolutionGuid = {3E107E45-8B3D-4925-AD2B-D157B9B6D6E7}
	EndGlobalSection
EndGlobal
